
Microsoft Visual Studio Solution File, Format Version 12.00
# Visual Studio 15
VisualStudioVersion = 15.0.27428.2037
MinimumVisualStudioVersion = 10.0.40219.1
Project("{FAE04EC0-301F-11D3-BF4B-00C04F79EFBC}") = "StackOverflowTags", "StackOverflowTags\StackOverflowTags.csproj", "{0ADBF415-45B8-448B-A7A8-94C87FAAA3BC}"
EndProject
Project("{FAE04EC0-301F-11D3-BF4B-00C04F79EFBC}") = "StackOverflowTags.Tests", "StackOverflowTags.Tests\StackOverflowTags.Tests.csproj", "{14FC72EC-8088-42CC-B001-FBC4461E2645}"
EndProject
Global
	GlobalSection(SolutionConfigurationPlatforms) = preSolution
		Debug|Any CPU = Debug|Any CPU
		Release|Any CPU = Release|Any CPU
	EndGlobalSection
	GlobalSection(ProjectConfigurationPlatforms) = postSolution
		{0ADBF415-45B8-448B-A7A8-94C87FAAA3BC}.Debug|Any CPU.ActiveCfg = Debug|Any CPU
		{0ADBF415-45B8-448B-A7A8-94C87FAAA3BC}.Debug|Any CPU.Build.0 = Debug|Any CPU
		{0ADBF415-45B8-448B-A7A8-94C87FAAA3BC}.Release|Any CPU.ActiveCfg = Release|Any CPU
		{0ADBF415-45B8-448B-A7A8-94C87FAAA3BC}.Release|Any CPU.Build.0 = Release|Any CPU
		{14FC72EC-8088-42CC-B001-FBC4461E2645}.Debug|Any CPU.ActiveCfg = Debug|Any CPU
		{14FC72EC-8088-42CC-B001-FBC4461E2645}.Debug|Any CPU.Build.0 = Debug|Any CPU
		{14FC72EC-8088-42CC-B001-FBC4461E2645}.Release|Any CPU.ActiveCfg = Release|Any CPU
		{14FC72EC-8088-42CC-B001-FBC4461E2645}.Release|Any CPU.Build.0 = Release|Any CPU
	EndGlobalSection
	GlobalSection(SolutionProperties) = preSolution
		HideSolutionNode = FALSE
	EndGlobalSection
	GlobalSection(ExtensibilityGlobals) = postSolution
		SolutionGuid = {C122CF1B-0EBD-435D-9388-7F3E062936EB}
	EndGlobalSection
EndGlobal
